{
  "name": "admin-dashboard",
  "lockfileVersion": 2,
  "requires": true,
  "packages": {
    "": {
      "dependencies": {
        "@mdi/svg": "^6.7.96"
      }
    },
    "node_modules/@mdi/svg": {
      "version": "6.7.96",
      "resolved": "https://registry.npmjs.org/@mdi/svg/-/svg-6.7.96.tgz",
      "integrity": "sha512-2XAWrD2D2oseW1hLv3ZvndHb8w1pne84RUkw5oc5nqe/US1HE+9vfj9pGHFIar3/QhvRXh2JqX05adEbYbEAZg=="
    }
  },
  "dependencies": {
    "@mdi/svg": {
      "version": "6.7.96",
      "resolved": "https://registry.npmjs.org/@mdi/svg/-/svg-6.7.96.tgz",
      "integrity": "sha512-2XAWrD2D2oseW1hLv3ZvndHb8w1pne84RUkw5oc5nqe/US1HE+9vfj9pGHFIar3/QhvRXh2JqX05adEbYbEAZg=="
    }
  }
}
